// !$*UTF8*$!
{
	archiveVersion = 1;
	classes = {
	};
	objectVersion = 48;
	objects = {

/* Begin PBXBuildFile section */
		5F06CA792075FCB300AB4046 /* AppDelegate.swift in Sources */ = {isa = PBXBuildFile; fileRef = 5F06CA782075FCB300AB4046 /* AppDelegate.swift */; };
		5F06CA7B2075FCB300AB4046 /* ViewController.swift in Sources */ = {isa = PBXBuildFile; fileRef = 5F06CA7A2075FCB300AB4046 /* ViewController.swift */; };
		5F06CA7E2075FCB300AB4046 /* Main.storyboard in Resources */ = {isa = PBXBuildFile; fileRef = 5F06CA7C2075FCB300AB4046 /* Main.storyboard */; };
		5F06CA812075FCB300AB4046 /* LOOM_Chat_App.xcdatamodeld in Sources */ = {isa = PBXBuildFile; fileRef = 5F06CA7F2075FCB300AB4046 /* LOOM_Chat_App.xcdatamodeld */; };
		5F06CA832075FCB300AB4046 /* Assets.xcassets in Resources */ = {isa = PBXBuildFile; fileRef = 5F06CA822075FCB300AB4046 /* Assets.xcassets */; };
		5F06CA862075FCB300AB4046 /* LaunchScreen.storyboard in Resources */ = {isa = PBXBuildFile; fileRef = 5F06CA842075FCB300AB4046 /* LaunchScreen.storyboard */; };
/* End PBXBuildFile section */

/* Begin PBXFileReference section */
		5F06CA752075FCB300AB4046 /* LOOM-Chat-App.app */ = {isa = PBXFileReference; explicitFileType = wrapper.application; includeInIndex = 0; path = "LOOM-Chat-App.app"; sourceTree = BUILT_PRODUCTS_DIR; };
		5F06CA782075FCB300AB4046 /* AppDelegate.swift */ = {isa = PBXFileReference; lastKnownFileType = sourcecode.swift; path = AppDelegate.swift; sourceTree = "<group>"; };
		5F06CA7A2075FCB300AB4046 /* ViewController.swift */ = {isa = PBXFileReference; lastKnownFileType = sourcecode.swift; path = ViewController.swift; sourceTree = "<group>"; };
		5F06CA7D2075FCB300AB4046 /* Base */ = {isa = PBXFileReference; lastKnownFileType = file.storyboard; name = Base; path = Base.lproj/Main.storyboard; sourceTree = "<group>"; };
		5F06CA802075FCB300AB4046 /* LOOM_Chat_App.xcdatamodel */ = {isa = PBXFileReference; lastKnownFileType = wrapper.xcdatamodel; path = LOOM_Chat_App.xcdatamodel; sourceTree = "<group>"; };
		5F06CA822075FCB300AB4046 /* Assets.xcassets */ = {isa = PBXFileReference; lastKnownFileType = folder.assetcatalog; path = Assets.xcassets; sourceTree = "<group>"; };
		5F06CA852075FCB300AB4046 /* Base */ = {isa = PBXFileReference; lastKnownFileType = file.storyboard; name = Base; path = Base.lproj/LaunchScreen.storyboard; sourceTree = "<group>"; };
		5F06CA872075FCB300AB4046 /* Info.plist */ = {isa = PBXFileReference; lastKnownFileType = text.plist.xml; path = Info.plist; sourceTree = "<group>"; };
/* End PBXFileReference section */

/* Begin PBXFrameworksBuildPhase section */
		5F06CA722075FCB300AB4046 /* Frameworks */ = {
			isa = PBXFrameworksBuildPhase;
			buildActionMask = 2147483647;
			files = (
			);
			runOnlyForDeploymentPostprocessing = 0;
		};
/* End PBXFrameworksBuildPhase section */

/* Begin PBXGroup section */
		5F06CA6C2075FCB300AB4046 = {
			isa = PBXGroup;
			children = (
				5F06CA772075FCB300AB4046 /* LOOM-Chat-App */,
				5F06CA762075FCB300AB4046 /* Products */,
			);
			sourceTree = "<group>";
		};
		5F06CA762075FCB300AB4046 /* Products */ = {
			isa = PBXGroup;
			children = (
				5F06CA752075FCB300AB4046 /* LOOM-Chat-App.app */,
			);
			name = Products;
			sourceTree = "<group>";
		};
		5F06CA772075FCB300AB4046 /* LOOM-Chat-App */ = {
			isa = PBXGroup;
			children = (
				5F06CA782075FCB300AB4046 /* AppDelegate.swift */,
				5F06CA7A2075FCB300AB4046 /* ViewController.swift */,
				5F06CA7C2075FCB300AB4046 /* Main.storyboard */,
				5F06CA822075FCB300AB4046 /* Assets.xcassets */,
				5F06CA842075FCB300AB4046 /* LaunchScreen.storyboard */,
				5F06CA872075FCB300AB4046 /* Info.plist */,
				5F06CA7F2075FCB300AB4046 /* LOOM_Chat_App.xcdatamodeld */,
			);
			path = "LOOM-Chat-App";
			sourceTree = "<group>";
		};
/* End PBXGroup section */

/* Begin PBXNativeTarget section */
		5F06CA742075FCB300AB4046 /* LOOM-Chat-App */ = {
			isa = PBXNativeTarget;
			buildConfigurationList = 5F06CA8A2075FCB300AB4046 /* Build configuration list for PBXNativeTarget "LOOM-Chat-App" */;
			buildPhases = (
				5F06CA712075FCB300AB4046 /* Sources */,
				5F06CA722075FCB300AB4046 /* Frameworks */,
				5F06CA732075FCB300AB4046 /* Resources */,
			);
			buildRules = (
			);
			dependencies = (
			);
			name = "LOOM-Chat-App";
			productName = "LOOM-Chat-App";
			productReference = 5F06CA752075FCB300AB4046 /* LOOM-Chat-App.app */;
			productType = "com.apple.product-type.application";
		};
/* End PBXNativeTarget section */

/* Begin PBXProject section */
		5F06CA6D2075FCB300AB4046 /* Project object */ = {
			isa = PBXProject;
			attributes = {
				LastSwiftUpdateCheck = 0920;
				LastUpgradeCheck = 0920;
				ORGANIZATIONNAME = "Miki Nomura";
				TargetAttributes = {
					5F06CA742075FCB300AB4046 = {
						CreatedOnToolsVersion = 9.2;
						ProvisioningStyle = Automatic;
					};
				};
			};
			buildConfigurationList = 5F06CA702075FCB300AB4046 /* Build configuration list for PBXProject "LOOM-Chat-App" */;
			compatibilityVersion = "Xcode 8.0";
			developmentRegion = en;
			hasScannedForEncodings = 0;
			knownRegions = (
				en,
				Base,
			);
			mainGroup = 5F06CA6C2075FCB300AB4046;
			productRefGroup = 5F06CA762075FCB300AB4046 /* Products */;
			projectDirPath = "";
			projectRoot = "";
			targets = (
				5F06CA742075FCB300AB4046 /* LOOM-Chat-App */,
			);
		};
/* End PBXProject section */

/* Begin PBXResourcesBuildPhase section */
		5F06CA732075FCB300AB4046 /* Resources */ = {
			isa = PBXResourcesBuildPhase;
			buildActionMask = 2147483647;
			files = (
				5F06CA862075FCB300AB4046 /* LaunchScreen.storyboard in Resources */,
				5F06CA832075FCB300AB4046 /* Assets.xcassets in Resources */,
				5F06CA7E2075FCB300AB4046 /* Main.storyboard in Resources */,
			);
			runOnlyForDeploymentPostprocessing = 0;
		};
/* End PBXResourcesBuildPhase section */

/* Begin PBXSourcesBuildPhase section */
		5F06CA712075FCB300AB4046 /* Sources */ = {
			isa = PBXSourcesBuildPhase;
			buildActionMask = 2147483647;
			files = (
				5F06CA7B2075FCB300AB4046 /* ViewController.swift in Sources */,
				5F06CA812075FCB300AB4046 /* LOOM_Chat_App.xcdatamodeld in Sources */,
				5F06CA792075FCB300AB4046 /* AppDelegate.swift in Sources */,
			);
			runOnlyForDeploymentPostprocessing = 0;
		};
/* End PBXSourcesBuildPhase section */

/* Begin PBXVariantGroup section */
		5F06CA7C2075FCB300AB4046 /* Main.storyboard */ = {
			isa = PBXVariantGroup;
			children = (
				5F06CA7D2075FCB300AB4046 /* Base */,
			);
			name = Main.storyboard;
			sourceTree = "<group>";
		};
		5F06CA842075FCB300AB4046 /* LaunchScreen.storyboard */ = {
			isa = PBXVariantGroup;
			children = (
				5F06CA852075FCB300AB4046 /* Base */,
			);
			name = LaunchScreen.storyboard;
			sourceTree = "<group>";
		};
/* End PBXVariantGroup section */

/* Begin XCBuildConfiguration section */
		5F06CA882075FCB300AB4046 /* Debug */ = {
			isa = XCBuildConfiguration;
			buildSettings = {
				ALWAYS_SEARCH_USER_PATHS = NO;
				CLANG_ANALYZER_NONNULL = YES;
				CLANG_ANALYZER_NUMBER_OBJECT_CONVERSION = YES_AGGRESSIVE;
				CLANG_CXX_LANGUAGE_STANDARD = "gnu++14";
				CLANG_CXX_LIBRARY = "libc++";
				CLANG_ENABLE_MODULES = YES;
				CLANG_ENABLE_OBJC_ARC = YES;
				CLANG_WARN_BLOCK_CAPTURE_AUTORELEASING = YES;
				CLANG_WARN_BOOL_CONVERSION = YES;
				CLANG_WARN_COMMA = YES;
				CLANG_WARN_CONSTANT_CONVERSION = YES;
				CLANG_WARN_DIRECT_OBJC_ISA_USAGE = YES_ERROR;
				CLANG_WARN_DOCUMENTATION_COMMENTS = YES;
				CLANG_WARN_EMPTY_BODY = YES;
				CLANG_WARN_ENUM_CONVERSION = YES;
				CLANG_WARN_INFINITE_RECURSION = YES;
				CLANG_WARN_INT_CONVERSION = YES;
				CLANG_WARN_NON_LITERAL_NULL_CONVERSION = YES;
				CLANG_WARN_OBJC_LITERAL_CONVERSION = YES;
				CLANG_WARN_OBJC_ROOT_CLASS = YES_ERROR;
				CLANG_WARN_RANGE_LOOP_ANALYSIS = YES;
				CLANG_WARN_STRICT_PROTOTYPES = YES;
				CLANG_WARN_SUSPICIOUS_MOVE = YES;
				CLANG_WARN_UNGUARDED_AVAILABILITY = YES_AGGRESSIVE;
				CLANG_WARN_UNREACHABLE_CODE = YES;
				CLANG_WARN__DUPLICATE_METHOD_MATCH = YES;
				CODE_SIGN_IDENTITY = "iPhone Developer";
				COPY_PHASE_STRIP = NO;
				DEBUG_INFORMATION_FORMAT = dwarf;
				ENABLE_STRICT_OBJC_MSGSEND = YES;
				ENABLE_TESTABILITY = YES;
				GCC_C_LANGUAGE_STANDARD = gnu11;
				GCC_DYNAMIC_NO_PIC = NO;
				GCC_NO_COMMON_BLOCKS = YES;
				GCC_OPTIMIZATION_LEVEL = 0;
				GCC_PREPROCESSOR_DEFINITIONS = (
					"DEBUG=1",
					"$(inherited)",
				);
				GCC_WARN_64_TO_32_BIT_CONVERSION = YES;
				GCC_WARN_ABOUT_RETURN_TYPE = YES_ERROR;
				GCC_WARN_UNDECLARED_SELECTOR = YES;
				GCC_WARN_UNINITIALIZED_AUTOS = YES_AGGRESSIVE;
				GCC_WARN_UNUSED_FUNCTION = YES;
				GCC_WARN_UNUSED_VARIABLE = YES;
				IPHONEOS_DEPLOYMENT_TARGET = 11.2;
				MTL_ENABLE_DEBUG_INFO = YES;
				ONLY_ACTIVE_ARCH = YES;
				SDKROOT = iphoneos;
				SWIFT_ACTIVE_COMPILATION_CONDITIONS = DEBUG;
				SWIFT_OPTIMIZATION_LEVEL = "-Onone";
			};
			name = Debug;
		};
		5F06CA892075FCB300AB4046 /* Release */ = {
			isa = XCBuildConfiguration;
			buildSettings = {
				ALWAYS_SEARCH_USER_PATHS = NO;
				CLANG_ANALYZER_NONNULL = YES;
				CLANG_ANALYZER_NUMBER_OBJECT_CONVERSION = YES_AGGRESSIVE;
				CLANG_CXX_LANGUAGE_STANDARD = "gnu++14";
				CLANG_CXX_LIBRARY = "libc++";
				CLANG_ENABLE_MODULES = YES;
				CLANG_ENABLE_OBJC_ARC = YES;
				CLANG_WARN_BLOCK_CAPTURE_AUTORELEASING = YES;
				CLANG_WARN_BOOL_CONVERSION = YES;
				CLANG_WARN_COMMA = YES;
				CLANG_WARN_CONSTANT_CONVERSION = YES;
				CLANG_WARN_DIRECT_OBJC_ISA_USAGE = YES_ERROR;
				CLANG_WARN_DOCUMENTATION_COMMENTS = YES;
				CLANG_WARN_EMPTY_BODY = YES;
				CLANG_WARN_ENUM_CONVERSION = YES;
				CLANG_WARN_INFINITE_RECURSION = YES;
				CLANG_WARN_INT_CONVERSION = YES;
				CLANG_WARN_NON_LITERAL_NULL_CONVERSION = YES;
				CLANG_WARN_OBJC_LITERAL_CONVERSION = YES;
				CLANG_WARN_OBJC_ROOT_CLASS = YES_ERROR;
				CLANG_WARN_RANGE_LOOP_ANALYSIS = YES;
				CLANG_WARN_STRICT_PROTOTYPES = YES;
				CLANG_WARN_SUSPICIOUS_MOVE = YES;
				CLANG_WARN_UNGUARDED_AVAILABILITY = YES_AGGRESSIVE;
				CLANG_WARN_UNREACHABLE_CODE = YES;
				CLANG_WARN__DUPLICATE_METHOD_MATCH = YES;
				CODE_SIGN_IDENTITY = "iPhone Developer";
				COPY_PHASE_STRIP = NO;
				DEBUG_INFORMATION_FORMAT = "dwarf-with-dsym";
				ENABLE_NS_ASSERTIONS = NO;
				ENABLE_STRICT_OBJC_MSGSEND = YES;
				GCC_C_LANGUAGE_STANDARD = gnu11;
				GCC_NO_COMMON_BLOCKS = YES;
				GCC_WARN_64_TO_32_BIT_CONVERSION = YES;
				GCC_WARN_ABOUT_RETURN_TYPE = YES_ERROR;
				GCC_WARN_UNDECLARED_SELECTOR = YES;
				GCC_WARN_UNINITIALIZED_AUTOS = YES_AGGRESSIVE;
				GCC_WARN_UNUSED_FUNCTION = YES;
				GCC_WARN_UNUSED_VARIABLE = YES;
				IPHONEOS_DEPLOYMENT_TARGET = 11.2;
				MTL_ENABLE_DEBUG_INFO = NO;
				SDKROOT = iphoneos;
				SWIFT_OPTIMIZATION_LEVEL = "-Owholemodule";
				VALIDATE_PRODUCT = YES;
			};
			name = Release;
		};
		5F06CA8B2075FCB300AB4046 /* Debug */ = {
			isa = XCBuildConfiguration;
			buildSettings = {
				ASSETCATALOG_COMPILER_APPICON_NAME = AppIcon;
				CODE_SIGN_STYLE = Automatic;
				DEVELOPMENT_TEAM = QV974Z4665;
				INFOPLIST_FILE = "LOOM-Chat-App/Info.plist";
				LD_RUNPATH_SEARCH_PATHS = "$(inherited) @executable_path/Frameworks";
				PRODUCT_BUNDLE_IDENTIFIER = "tokyo.fyi.LOOM-Chat-App";
				PRODUCT_NAME = "$(TARGET_NAME)";
				SWIFT_VERSION = 4.0;
				TARGETED_DEVICE_FAMILY = "1,2";
			};
			name = Debug;
		};
		5F06CA8C2075FCB300AB4046 /* Release */ = {
			isa = XCBuildConfiguration;
			buildSettings = {
				ASSETCATALOG_COMPILER_APPICON_NAME = AppIcon;
				CODE_SIGN_STYLE = Automatic;
				DEVELOPMENT_TEAM = QV974Z4665;
				INFOPLIST_FILE = "LOOM-Chat-App/Info.plist";
				LD_RUNPATH_SEARCH_PATHS = "$(inherited) @executable_path/Frameworks";
				PRODUCT_BUNDLE_IDENTIFIER = "tokyo.fyi.LOOM-Chat-App";
				PRODUCT_NAME = "$(TARGET_NAME)";
				SWIFT_VERSION = 4.0;
				TARGETED_DEVICE_FAMILY = "1,2";
			};
			name = Release;
		};
/* End XCBuildConfiguration section */

/* Begin XCConfigurationList section */
		5F06CA702075FCB300AB4046 /* Build configuration list for PBXProject "LOOM-Chat-App" */ = {
			isa = XCConfigurationList;
			buildConfigurations = (
				5F06CA882075FCB300AB4046 /* Debug */,
				5F06CA892075FCB300AB4046 /* Release */,
			);
			defaultConfigurationIsVisible = 0;
			defaultConfigurationName = Release;
		};
		5F06CA8A2075FCB300AB4046 /* Build configuration list for PBXNativeTarget "LOOM-Chat-App" */ = {
			isa = XCConfigurationList;
			buildConfigurations = (
				5F06CA8B2075FCB300AB4046 /* Debug */,
				5F06CA8C2075FCB300AB4046 /* Release */,
			);
			defaultConfigurationIsVisible = 0;
			defaultConfigurationName = Release;
		};
/* End XCConfigurationList section */

/* Begin XCVersionGroup section */
		5F06CA7F2075FCB300AB4046 /* LOOM_Chat_App.xcdatamodeld */ = {
			isa = XCVersionGroup;
			children = (
				5F06CA802075FCB300AB4046 /* LOOM_Chat_App.xcdatamodel */,
			);
			currentVersion = 5F06CA802075FCB300AB4046 /* LOOM_Chat_App.xcdatamodel */;
			path = LOOM_Chat_App.xcdatamodeld;
			sourceTree = "<group>";
			versionGroupType = wrapper.xcdatamodel;
		};
/* End XCVersionGroup section */
	};
	rootObject = 5F06CA6D2075FCB300AB4046 /* Project object */;
}
